
Microsoft Visual Studio Solution File, Format Version 12.00
# Visual Studio 15
VisualStudioVersion = 15.0.28307.421
MinimumVisualStudioVersion = 10.0.40219.1
Project("{FAE04EC0-301F-11D3-BF4B-00C04F79EFBC}") = "Dynamics365Test", "Dynamics365Test\Dynamics365Test.csproj", "{601FB997-3620-44F6-834C-D85611EF27BE}"
EndProject
Global
	GlobalSection(SolutionConfigurationPlatforms) = preSolution
		Debug|Any CPU = Debug|Any CPU
		Release|Any CPU = Release|Any CPU
	EndGlobalSection
	GlobalSection(ProjectConfigurationPlatforms) = postSolution
		{601FB997-3620-44F6-834C-D85611EF27BE}.Debug|Any CPU.ActiveCfg = Debug|Any CPU
		{601FB997-3620-44F6-834C-D85611EF27BE}.Debug|Any CPU.Build.0 = Debug|Any CPU
		{601FB997-3620-44F6-834C-D85611EF27BE}.Release|Any CPU.ActiveCfg = Release|Any CPU
		{601FB997-3620-44F6-834C-D85611EF27BE}.Release|Any CPU.Build.0 = Release|Any CPU
	EndGlobalSection
	GlobalSection(SolutionProperties) = preSolution
		HideSolutionNode = FALSE
	EndGlobalSection
	GlobalSection(ExtensibilityGlobals) = postSolution
		SolutionGuid = {2C7A9CF5-3AED-4C2D-9061-F981B3368A07}
	EndGlobalSection
EndGlobal
